
Microsoft Visual Studio Solution File, Format Version 12.00
# Visual Studio Version 17
VisualStudioVersion = 17.14.36301.6 d17.14
MinimumVisualStudioVersion = 10.0.40219.1
Project("{FAE04EC0-301F-11D3-BF4B-00C04F79EFBC}") = "DrilldownMAUIChart", "DrilldownMAUIChart\DrilldownMAUIChart.csproj", "{EFE76386-21A7-4298-885D-BA356594C7DA}"
EndProject
Global
	GlobalSection(SolutionConfigurationPlatforms) = preSolution
		Debug|Any CPU = Debug|Any CPU
		Release|Any CPU = Release|Any CPU
	EndGlobalSection
	GlobalSection(ProjectConfigurationPlatforms) = postSolution
		{EFE76386-21A7-4298-885D-BA356594C7DA}.Debug|Any CPU.ActiveCfg = Debug|Any CPU
		{EFE76386-21A7-4298-885D-BA356594C7DA}.Debug|Any CPU.Build.0 = Debug|Any CPU
		{EFE76386-21A7-4298-885D-BA356594C7DA}.Release|Any CPU.ActiveCfg = Release|Any CPU
		{EFE76386-21A7-4298-885D-BA356594C7DA}.Release|Any CPU.Build.0 = Release|Any CPU
	EndGlobalSection
	GlobalSection(SolutionProperties) = preSolution
		HideSolutionNode = FALSE
	EndGlobalSection
	GlobalSection(ExtensibilityGlobals) = postSolution
		SolutionGuid = {F50C7442-1EAB-4894-A734-2C3A51063E37}
	EndGlobalSection
EndGlobal
